{
  "lockfileVersion": 1,
  "workspaces": {
    "": {
      "dependencies": {
        "daisyui": "^5.0.0-beta.8",
        "tailwindcss": "^4.0.0",
      },
    },
  },
  "packages": {
    "daisyui": ["daisyui@5.0.0-beta.8", "", {}, "sha512-jSokqm5i+Pv1jG80wliNzMHjmcF+iMx5xRUpk0/QExVoVNyQNWeCsaWJQubPvUq7bt9nzSsQTR2uIZBoyIIoaA=="],

    "tailwindcss": ["tailwindcss@4.0.0", "", {}, "sha512-ULRPI3A+e39T7pSaf1xoi58AqqJxVCLg8F/uM5A3FadUbnyDTgltVnXJvdkTjwCOGA6NazqHVcwPJC5h2vRYVQ=="],
  }
}
